// !$*UTF8*$!
{
	archiveVersion = 1;
	classes = {
	};
	objectVersion = 55;
	objects = {

/* Begin PBXBuildFile section */
		5A16766627CBAFA9009A8B70 /* ImageSaver.swift in Sources */ = {isa = PBXBuildFile; fileRef = 5A16766527CBAFA9009A8B70 /* ImageSaver.swift */; };
		5A2E40412807DD4F00E7903C /* UnInteractiveLoadingView.swift in Sources */ = {isa = PBXBuildFile; fileRef = 5A2E40402807DD4F00E7903C /* UnInteractiveLoadingView.swift */; };
		5A3C635127F1D7EB00C86812 /* DateComponentsFormatter+Extension.swift in Sources */ = {isa = PBXBuildFile; fileRef = 5A3C635027F1D7EB00C86812 /* DateComponentsFormatter+Extension.swift */; };
		5A4D72C027FEEC090024A09C /* Yolov5.mlmodel in Sources */ = {isa = PBXBuildFile; fileRef = 5A4D72BF27FEEC090024A09C /* Yolov5.mlmodel */; };
		5A62254827BDE15E00B1122F /* Hidden.swift in Sources */ = {isa = PBXBuildFile; fileRef = 5A62254727BDE15E00B1122F /* Hidden.swift */; };
		5A6B0D1A27C474760098E47C /* YochuAnalyzer.swift in Sources */ = {isa = PBXBuildFile; fileRef = 5A6B0D1927C474760098E47C /* YochuAnalyzer.swift */; };
		5A8DFA9227A65BC30053636F /* Yolov3.mlmodel in Sources */ = {isa = PBXBuildFile; fileRef = 5A8DFA9127A65BC30053636F /* Yolov3.mlmodel */; };
		5A8DFA9427A669DB0053636F /* YOLO.swift in Sources */ = {isa = PBXBuildFile; fileRef = 5A8DFA9327A669DB0053636F /* YOLO.swift */; };
		5A98541727A629C200A5AC40 /* CropView.swift in Sources */ = {isa = PBXBuildFile; fileRef = 5A98541627A629C200A5AC40 /* CropView.swift */; };
		5AA1E3CC27F0A0EB006E9D3C /* CSVHandler.swift in Sources */ = {isa = PBXBuildFile; fileRef = 5AA1E3CB27F0A0EB006E9D3C /* CSVHandler.swift */; };
		5AA1E3CE27F0ABA3006E9D3C /* Date+Extension.swift in Sources */ = {isa = PBXBuildFile; fileRef = 5AA1E3CD27F0ABA3006E9D3C /* Date+Extension.swift */; };
		5AB5C75F27A7D99E0046EF1D /* ResultView.swift in Sources */ = {isa = PBXBuildFile; fileRef = 5AB5C75E27A7D99E0046EF1D /* ResultView.swift */; };
		5AB5EB4E27C53F700018AB20 /* Array+Extension.swift in Sources */ = {isa = PBXBuildFile; fileRef = 5AB5EB4D27C53F700018AB20 /* Array+Extension.swift */; };
		5AB5EB5027C542790018AB20 /* AnalyzerSetting.swift in Sources */ = {isa = PBXBuildFile; fileRef = 5AB5EB4F27C542790018AB20 /* AnalyzerSetting.swift */; };
		5ABEF6A327A4E78F00B1B5F9 /* TrimmingViewModel.swift in Sources */ = {isa = PBXBuildFile; fileRef = 5ABEF6A227A4E78F00B1B5F9 /* TrimmingViewModel.swift */; };
		5ABEF6A527A4E82A00B1B5F9 /* AnalyzeSettingStore.swift in Sources */ = {isa = PBXBuildFile; fileRef = 5ABEF6A427A4E82A00B1B5F9 /* AnalyzeSettingStore.swift */; };
		5ABEF6A727A4F21000B1B5F9 /* NSImage+Extension.swift in Sources */ = {isa = PBXBuildFile; fileRef = 5ABEF6A627A4F21000B1B5F9 /* NSImage+Extension.swift */; };
		5ABEF6B227A525D200B1B5F9 /* EditableRectangleView.swift in Sources */ = {isa = PBXBuildFile; fileRef = 5ABEF6B127A525D200B1B5F9 /* EditableRectangleView.swift */; };
		5ABF6C8F27A8FAF9001B8FDE /* CIImage+Extension.swift in Sources */ = {isa = PBXBuildFile; fileRef = 5ABF6C8E27A8FAF9001B8FDE /* CIImage+Extension.swift */; };
		5AC2BAC927A2667300C0B88A /* RootView.swift in Sources */ = {isa = PBXBuildFile; fileRef = 5AC2BAC827A2667300C0B88A /* RootView.swift */; };
		5AC2BACB27A2674700C0B88A /* RootViewModel.swift in Sources */ = {isa = PBXBuildFile; fileRef = 5AC2BACA27A2674700C0B88A /* RootViewModel.swift */; };
		5AC2BAD327A26C3300C0B88A /* NotificationName.swift in Sources */ = {isa = PBXBuildFile; fileRef = 5AC2BAD227A26C3300C0B88A /* NotificationName.swift */; };
		5AC331AB27C72121002B2BAE /* ResultViewModel.swift in Sources */ = {isa = PBXBuildFile; fileRef = 5AC331AA27C72121002B2BAE /* ResultViewModel.swift */; };
		5AC331AF27C72537002B2BAE /* ViewModel.swift in Sources */ = {isa = PBXBuildFile; fileRef = 5AC331AE27C72537002B2BAE /* ViewModel.swift */; };
		5AD4F0F0279B0923008BD0A0 /* YochuDetector2App.swift in Sources */ = {isa = PBXBuildFile; fileRef = 5AD4F0EF279B0923008BD0A0 /* YochuDetector2App.swift */; };
		5AD4F0F2279B0923008BD0A0 /* SelectSourceView.swift in Sources */ = {isa = PBXBuildFile; fileRef = 5AD4F0F1279B0923008BD0A0 /* SelectSourceView.swift */; };
		5AD4F0F4279B0925008BD0A0 /* Assets.xcassets in Resources */ = {isa = PBXBuildFile; fileRef = 5AD4F0F3279B0925008BD0A0 /* Assets.xcassets */; };
		5AD4F0F7279B0925008BD0A0 /* Preview Assets.xcassets in Resources */ = {isa = PBXBuildFile; fileRef = 5AD4F0F6279B0925008BD0A0 /* Preview Assets.xcassets */; };
		5AD4F0FF279B0E47008BD0A0 /* SelectSourceViewModel.swift in Sources */ = {isa = PBXBuildFile; fileRef = 5AD4F0FE279B0E47008BD0A0 /* SelectSourceViewModel.swift */; };
		5AE0B9882808142500442E13 /* libc++.tbd in Frameworks */ = {isa = PBXBuildFile; fileRef = 5AE0B9872808141C00442E13 /* libc++.tbd */; };
		5AE0B98A2808142E00442E13 /* opencv2.framework in Frameworks */ = {isa = PBXBuildFile; fileRef = 5AE0B9892808142E00442E13 /* opencv2.framework */; };
		5AE0B98E28082D7700442E13 /* AreaExtractor.swift in Sources */ = {isa = PBXBuildFile; fileRef = 5AE0B98D28082D7700442E13 /* AreaExtractor.swift */; };
		5AE3EFCB27EFF6AA005C416A /* AnalyzeDataStore.swift in Sources */ = {isa = PBXBuildFile; fileRef = 5AE3EFCA27EFF6AA005C416A /* AnalyzeDataStore.swift */; };
		5AF4F437279F00C7001041CB /* NSOpenPanel+Extension.swift in Sources */ = {isa = PBXBuildFile; fileRef = 5AF4F436279F00C7001041CB /* NSOpenPanel+Extension.swift */; };
		5AF4F43B279F0222001041CB /* OpenPanelHandler.swift in Sources */ = {isa = PBXBuildFile; fileRef = 5AF4F43A279F0222001041CB /* OpenPanelHandler.swift */; };
		5AF4F43D279F08C1001041CB /* String+Extension.swift in Sources */ = {isa = PBXBuildFile; fileRef = 5AF4F43C279F08C1001041CB /* String+Extension.swift */; };
		5AF4F43F279F09B8001041CB /* TrimmingView.swift in Sources */ = {isa = PBXBuildFile; fileRef = 5AF4F43E279F09B8001041CB /* TrimmingView.swift */; };
/* End PBXBuildFile section */

/* Begin PBXFileReference section */
		5A16766527CBAFA9009A8B70 /* ImageSaver.swift */ = {isa = PBXFileReference; lastKnownFileType = sourcecode.swift; path = ImageSaver.swift; sourceTree = "<group>"; };
		5A2E40402807DD4F00E7903C /* UnInteractiveLoadingView.swift */ = {isa = PBXFileReference; lastKnownFileType = sourcecode.swift; path = UnInteractiveLoadingView.swift; sourceTree = "<group>"; };
		5A3C635027F1D7EB00C86812 /* DateComponentsFormatter+Extension.swift */ = {isa = PBXFileReference; lastKnownFileType = sourcecode.swift; path = "DateComponentsFormatter+Extension.swift"; sourceTree = "<group>"; };
		5A4D72BF27FEEC090024A09C /* Yolov5.mlmodel */ = {isa = PBXFileReference; lastKnownFileType = file.mlmodel; path = Yolov5.mlmodel; sourceTree = "<group>"; };
		5A62254727BDE15E00B1122F /* Hidden.swift */ = {isa = PBXFileReference; lastKnownFileType = sourcecode.swift; path = Hidden.swift; sourceTree = "<group>"; };
		5A6B0D1927C474760098E47C /* YochuAnalyzer.swift */ = {isa = PBXFileReference; lastKnownFileType = sourcecode.swift; path = YochuAnalyzer.swift; sourceTree = "<group>"; };
		5A8DFA9127A65BC30053636F /* Yolov3.mlmodel */ = {isa = PBXFileReference; lastKnownFileType = file.mlmodel; path = Yolov3.mlmodel; sourceTree = "<group>"; };
		5A8DFA9327A669DB0053636F /* YOLO.swift */ = {isa = PBXFileReference; lastKnownFileType = sourcecode.swift; path = YOLO.swift; sourceTree = "<group>"; };
		5A98541627A629C200A5AC40 /* CropView.swift */ = {isa = PBXFileReference; lastKnownFileType = sourcecode.swift; path = CropView.swift; sourceTree = "<group>"; };
		5AA1E3CB27F0A0EB006E9D3C /* CSVHandler.swift */ = {isa = PBXFileReference; lastKnownFileType = sourcecode.swift; path = CSVHandler.swift; sourceTree = "<group>"; };
		5AA1E3CD27F0ABA3006E9D3C /* Date+Extension.swift */ = {isa = PBXFileReference; lastKnownFileType = sourcecode.swift; path = "Date+Extension.swift"; sourceTree = "<group>"; };
		5AB5C75E27A7D99E0046EF1D /* ResultView.swift */ = {isa = PBXFileReference; lastKnownFileType = sourcecode.swift; path = ResultView.swift; sourceTree = "<group>"; };
		5AB5EB4D27C53F700018AB20 /* Array+Extension.swift */ = {isa = PBXFileReference; lastKnownFileType = sourcecode.swift; path = "Array+Extension.swift"; sourceTree = "<group>"; };
		5AB5EB4F27C542790018AB20 /* AnalyzerSetting.swift */ = {isa = PBXFileReference; lastKnownFileType = sourcecode.swift; path = AnalyzerSetting.swift; sourceTree = "<group>"; };
		5ABEF6A227A4E78F00B1B5F9 /* TrimmingViewModel.swift */ = {isa = PBXFileReference; lastKnownFileType = sourcecode.swift; path = TrimmingViewModel.swift; sourceTree = "<group>"; };
		5ABEF6A427A4E82A00B1B5F9 /* AnalyzeSettingStore.swift */ = {isa = PBXFileReference; lastKnownFileType = sourcecode.swift; path = AnalyzeSettingStore.swift; sourceTree = "<group>"; };
		5ABEF6A627A4F21000B1B5F9 /* NSImage+Extension.swift */ = {isa = PBXFileReference; lastKnownFileType = sourcecode.swift; path = "NSImage+Extension.swift"; sourceTree = "<group>"; };
		5ABEF6B127A525D200B1B5F9 /* EditableRectangleView.swift */ = {isa = PBXFileReference; lastKnownFileType = sourcecode.swift; path = EditableRectangleView.swift; sourceTree = "<group>"; };
		5ABF6C8E27A8FAF9001B8FDE /* CIImage+Extension.swift */ = {isa = PBXFileReference; lastKnownFileType = sourcecode.swift; path = "CIImage+Extension.swift"; sourceTree = "<group>"; };
		5AC2BAC827A2667300C0B88A /* RootView.swift */ = {isa = PBXFileReference; lastKnownFileType = sourcecode.swift; path = RootView.swift; sourceTree = "<group>"; };
		5AC2BACA27A2674700C0B88A /* RootViewModel.swift */ = {isa = PBXFileReference; lastKnownFileType = sourcecode.swift; path = RootViewModel.swift; sourceTree = "<group>"; };
		5AC2BAD227A26C3300C0B88A /* NotificationName.swift */ = {isa = PBXFileReference; lastKnownFileType = sourcecode.swift; path = NotificationName.swift; sourceTree = "<group>"; };
		5AC331AA27C72121002B2BAE /* ResultViewModel.swift */ = {isa = PBXFileReference; lastKnownFileType = sourcecode.swift; path = ResultViewModel.swift; sourceTree = "<group>"; };
		5AC331AE27C72537002B2BAE /* ViewModel.swift */ = {isa = PBXFileReference; lastKnownFileType = sourcecode.swift; path = ViewModel.swift; sourceTree = "<group>"; };
		5AD4F0EC279B0923008BD0A0 /* YochuDetector2.app */ = {isa = PBXFileReference; explicitFileType = wrapper.application; includeInIndex = 0; path = YochuDetector2.app; sourceTree = BUILT_PRODUCTS_DIR; };
		5AD4F0EF279B0923008BD0A0 /* YochuDetector2App.swift */ = {isa = PBXFileReference; lastKnownFileType = sourcecode.swift; path = YochuDetector2App.swift; sourceTree = "<group>"; };
		5AD4F0F1279B0923008BD0A0 /* SelectSourceView.swift */ = {isa = PBXFileReference; lastKnownFileType = sourcecode.swift; path = SelectSourceView.swift; sourceTree = "<group>"; };
		5AD4F0F3279B0925008BD0A0 /* Assets.xcassets */ = {isa = PBXFileReference; lastKnownFileType = folder.assetcatalog; path = Assets.xcassets; sourceTree = "<group>"; };
		5AD4F0F6279B0925008BD0A0 /* Preview Assets.xcassets */ = {isa = PBXFileReference; lastKnownFileType = folder.assetcatalog; path = "Preview Assets.xcassets"; sourceTree = "<group>"; };
		5AD4F0F8279B0925008BD0A0 /* YochuDetector2.entitlements */ = {isa = PBXFileReference; lastKnownFileType = text.plist.entitlements; path = YochuDetector2.entitlements; sourceTree = "<group>"; };
		5AD4F0FE279B0E47008BD0A0 /* SelectSourceViewModel.swift */ = {isa = PBXFileReference; lastKnownFileType = sourcecode.swift; path = SelectSourceViewModel.swift; sourceTree = "<group>"; };
		5AE0B9872808141C00442E13 /* libc++.tbd */ = {isa = PBXFileReference; lastKnownFileType = "sourcecode.text-based-dylib-definition"; name = "libc++.tbd"; path = "usr/lib/libc++.tbd"; sourceTree = SDKROOT; };
		5AE0B9892808142E00442E13 /* opencv2.framework */ = {isa = PBXFileReference; lastKnownFileType = wrapper.framework; path = opencv2.framework; sourceTree = "<group>"; };
		5AE0B98D28082D7700442E13 /* AreaExtractor.swift */ = {isa = PBXFileReference; lastKnownFileType = sourcecode.swift; path = AreaExtractor.swift; sourceTree = "<group>"; };
		5AE3EFCA27EFF6AA005C416A /* AnalyzeDataStore.swift */ = {isa = PBXFileReference; lastKnownFileType = sourcecode.swift; path = AnalyzeDataStore.swift; sourceTree = "<group>"; };
		5AF4F436279F00C7001041CB /* NSOpenPanel+Extension.swift */ = {isa = PBXFileReference; lastKnownFileType = sourcecode.swift; path = "NSOpenPanel+Extension.swift"; sourceTree = "<group>"; };
		5AF4F43A279F0222001041CB /* OpenPanelHandler.swift */ = {isa = PBXFileReference; lastKnownFileType = sourcecode.swift; path = OpenPanelHandler.swift; sourceTree = "<group>"; };
		5AF4F43C279F08C1001041CB /* String+Extension.swift */ = {isa = PBXFileReference; lastKnownFileType = sourcecode.swift; path = "String+Extension.swift"; sourceTree = "<group>"; };
		5AF4F43E279F09B8001041CB /* TrimmingView.swift */ = {isa = PBXFileReference; lastKnownFileType = sourcecode.swift; path = TrimmingView.swift; sourceTree = "<group>"; };
/* End PBXFileReference section */

/* Begin PBXFrameworksBuildPhase section */
		5AD4F0E9279B0923008BD0A0 /* Frameworks */ = {
			isa = PBXFrameworksBuildPhase;
			buildActionMask = 2147483647;
			files = (
				5AE0B98A2808142E00442E13 /* opencv2.framework in Frameworks */,
				5AE0B9882808142500442E13 /* libc++.tbd in Frameworks */,
			);
			runOnlyForDeploymentPostprocessing = 0;
		};
/* End PBXFrameworksBuildPhase section */

/* Begin PBXGroup section */
		5A62254627BDE12500B1122F /* Modifier */ = {
			isa = PBXGroup;
			children = (
				5A62254727BDE15E00B1122F /* Hidden.swift */,
			);
			path = Modifier;
			sourceTree = "<group>";
		};
		5A6B0D1B27C4ADBA0098E47C /* UI */ = {
			isa = PBXGroup;
			children = (
				5A98541627A629C200A5AC40 /* CropView.swift */,
				5ABEF6B127A525D200B1B5F9 /* EditableRectangleView.swift */,
				5A2E40402807DD4F00E7903C /* UnInteractiveLoadingView.swift */,
			);
			path = UI;
			sourceTree = "<group>";
		};
		5A6B0D1C27C4ADCC0098E47C /* Analyze */ = {
			isa = PBXGroup;
			children = (
				5A8DFA9327A669DB0053636F /* YOLO.swift */,
				5A6B0D1927C474760098E47C /* YochuAnalyzer.swift */,
				5AB5EB4F27C542790018AB20 /* AnalyzerSetting.swift */,
				5AE3EFCA27EFF6AA005C416A /* AnalyzeDataStore.swift */,
				5AA1E3CB27F0A0EB006E9D3C /* CSVHandler.swift */,
				5AE0B98D28082D7700442E13 /* AreaExtractor.swift */,
			);
			path = Analyze;
			sourceTree = "<group>";
		};
		5A8DFA8E27A652B40053636F /* MLModels */ = {
			isa = PBXGroup;
			children = (
				5A4D72BF27FEEC090024A09C /* Yolov5.mlmodel */,
				5A8DFA9127A65BC30053636F /* Yolov3.mlmodel */,
			);
			path = MLModels;
			sourceTree = "<group>";
		};
		5AB5C75D27A7D9800046EF1D /* Result */ = {
			isa = PBXGroup;
			children = (
				5AB5C75E27A7D99E0046EF1D /* ResultView.swift */,
				5AC331AA27C72121002B2BAE /* ResultViewModel.swift */,
			);
			path = Result;
			sourceTree = "<group>";
		};
		5AC2BACC27A2677700C0B88A /* Screens */ = {
			isa = PBXGroup;
			children = (
				5AB5C75D27A7D9800046EF1D /* Result */,
				5AC2BACF27A267A900C0B88A /* Trimming */,
				5AC2BACE27A2679000C0B88A /* SelectSource */,
				5AC2BACD27A2678100C0B88A /* Root */,
			);
			path = Screens;
			sourceTree = "<group>";
		};
		5AC2BACD27A2678100C0B88A /* Root */ = {
			isa = PBXGroup;
			children = (
				5AC2BACA27A2674700C0B88A /* RootViewModel.swift */,
				5AC2BAC827A2667300C0B88A /* RootView.swift */,
			);
			path = Root;
			sourceTree = "<group>";
		};
		5AC2BACE27A2679000C0B88A /* SelectSource */ = {
			isa = PBXGroup;
			children = (
				5AD4F0FE279B0E47008BD0A0 /* SelectSourceViewModel.swift */,
				5AD4F0F1279B0923008BD0A0 /* SelectSourceView.swift */,
			);
			path = SelectSource;
			sourceTree = "<group>";
		};
		5AC2BACF27A267A900C0B88A /* Trimming */ = {
			isa = PBXGroup;
			children = (
				5AF4F43E279F09B8001041CB /* TrimmingView.swift */,
				5ABEF6A227A4E78F00B1B5F9 /* TrimmingViewModel.swift */,
			);
			path = Trimming;
			sourceTree = "<group>";
		};
		5AC2BAD027A267BB00C0B88A /* Common */ = {
			isa = PBXGroup;
			children = (
				5AC331B027C72C32002B2BAE /* File */,
				5A6B0D1C27C4ADCC0098E47C /* Analyze */,
				5A6B0D1B27C4ADBA0098E47C /* UI */,
				5AC2BAD227A26C3300C0B88A /* NotificationName.swift */,
				5ABEF6A427A4E82A00B1B5F9 /* AnalyzeSettingStore.swift */,
			);
			path = Common;
			sourceTree = "<group>";
		};
		5AC2BAD127A268B100C0B88A /* App */ = {
			isa = PBXGroup;
			children = (
				5AD4F0EF279B0923008BD0A0 /* YochuDetector2App.swift */,
			);
			path = App;
			sourceTree = "<group>";
		};
		5AC331AD27C7251F002B2BAE /* Protocol */ = {
			isa = PBXGroup;
			children = (
				5AC331AE27C72537002B2BAE /* ViewModel.swift */,
			);
			path = Protocol;
			sourceTree = "<group>";
		};
		5AC331B027C72C32002B2BAE /* File */ = {
			isa = PBXGroup;
			children = (
				5AF4F43A279F0222001041CB /* OpenPanelHandler.swift */,
				5A16766527CBAFA9009A8B70 /* ImageSaver.swift */,
			);
			path = File;
			sourceTree = "<group>";
		};
		5AD4F0E3279B0923008BD0A0 = {
			isa = PBXGroup;
			children = (
				5AD4F0EE279B0923008BD0A0 /* YochuDetector2 */,
				5AD4F0ED279B0923008BD0A0 /* Products */,
				5AE0B9862808141C00442E13 /* Frameworks */,
			);
			sourceTree = "<group>";
		};
		5AD4F0ED279B0923008BD0A0 /* Products */ = {
			isa = PBXGroup;
			children = (
				5AD4F0EC279B0923008BD0A0 /* YochuDetector2.app */,
			);
			name = Products;
			sourceTree = "<group>";
		};
		5AD4F0EE279B0923008BD0A0 /* YochuDetector2 */ = {
			isa = PBXGroup;
			children = (
				5AC2BAD127A268B100C0B88A /* App */,
				5AC2BAD027A267BB00C0B88A /* Common */,
				5AC331AD27C7251F002B2BAE /* Protocol */,
				5AC2BACC27A2677700C0B88A /* Screens */,
				5AF4F438279F01C9001041CB /* Extension */,
				5A62254627BDE12500B1122F /* Modifier */,
				5AD4F0F3279B0925008BD0A0 /* Assets.xcassets */,
				5AD4F0F8279B0925008BD0A0 /* YochuDetector2.entitlements */,
				5A8DFA8E27A652B40053636F /* MLModels */,
				5AD4F0F5279B0925008BD0A0 /* Preview Content */,
			);
			path = YochuDetector2;
			sourceTree = "<group>";
		};
		5AD4F0F5279B0925008BD0A0 /* Preview Content */ = {
			isa = PBXGroup;
			children = (
				5AD4F0F6279B0925008BD0A0 /* Preview Assets.xcassets */,
			);
			path = "Preview Content";
			sourceTree = "<group>";
		};
		5AE0B9862808141C00442E13 /* Frameworks */ = {
			isa = PBXGroup;
			children = (
				5AE0B9892808142E00442E13 /* opencv2.framework */,
				5AE0B9872808141C00442E13 /* libc++.tbd */,
			);
			name = Frameworks;
			sourceTree = "<group>";
		};
		5AF4F438279F01C9001041CB /* Extension */ = {
			isa = PBXGroup;
			children = (
				5AF4F436279F00C7001041CB /* NSOpenPanel+Extension.swift */,
				5AF4F43C279F08C1001041CB /* String+Extension.swift */,
				5ABEF6A627A4F21000B1B5F9 /* NSImage+Extension.swift */,
				5ABF6C8E27A8FAF9001B8FDE /* CIImage+Extension.swift */,
				5AB5EB4D27C53F700018AB20 /* Array+Extension.swift */,
				5AA1E3CD27F0ABA3006E9D3C /* Date+Extension.swift */,
				5A3C635027F1D7EB00C86812 /* DateComponentsFormatter+Extension.swift */,
			);
			path = Extension;
			sourceTree = "<group>";
		};
/* End PBXGroup section */

/* Begin PBXNativeTarget section */
		5AD4F0EB279B0923008BD0A0 /* YochuDetector2 */ = {
			isa = PBXNativeTarget;
			buildConfigurationList = 5AD4F0FB279B0925008BD0A0 /* Build configuration list for PBXNativeTarget "YochuDetector2" */;
			buildPhases = (
				5AD4F0E8279B0923008BD0A0 /* Sources */,
				5AD4F0E9279B0923008BD0A0 /* Frameworks */,
				5AD4F0EA279B0923008BD0A0 /* Resources */,
			);
			buildRules = (
			);
			dependencies = (
			);
			name = YochuDetector2;
			productName = YochuDetector2;
			productReference = 5AD4F0EC279B0923008BD0A0 /* YochuDetector2.app */;
			productType = "com.apple.product-type.application";
		};
/* End PBXNativeTarget section */

/* Begin PBXProject section */
		5AD4F0E4279B0923008BD0A0 /* Project object */ = {
			isa = PBXProject;
			attributes = {
				BuildIndependentTargetsInParallel = 1;
				LastSwiftUpdateCheck = 1300;
				LastUpgradeCheck = 1300;
				TargetAttributes = {
					5AD4F0EB279B0923008BD0A0 = {
						CreatedOnToolsVersion = 13.0;
					};
				};
			};
			buildConfigurationList = 5AD4F0E7279B0923008BD0A0 /* Build configuration list for PBXProject "YochuDetector2" */;
			compatibilityVersion = "Xcode 13.0";
			developmentRegion = en;
			hasScannedForEncodings = 0;
			knownRegions = (
				en,
				Base,
			);
			mainGroup = 5AD4F0E3279B0923008BD0A0;
			productRefGroup = 5AD4F0ED279B0923008BD0A0 /* Products */;
			projectDirPath = "";
			projectRoot = "";
			targets = (
				5AD4F0EB279B0923008BD0A0 /* YochuDetector2 */,
			);
		};
/* End PBXProject section */

/* Begin PBXResourcesBuildPhase section */
		5AD4F0EA279B0923008BD0A0 /* Resources */ = {
			isa = PBXResourcesBuildPhase;
			buildActionMask = 2147483647;
			files = (
				5AD4F0F7279B0925008BD0A0 /* Preview Assets.xcassets in Resources */,
				5AD4F0F4279B0925008BD0A0 /* Assets.xcassets in Resources */,
			);
			runOnlyForDeploymentPostprocessing = 0;
		};
/* End PBXResourcesBuildPhase section */

/* Begin PBXSourcesBuildPhase section */
		5AD4F0E8279B0923008BD0A0 /* Sources */ = {
			isa = PBXSourcesBuildPhase;
			buildActionMask = 2147483647;
			files = (
				5A4D72C027FEEC090024A09C /* Yolov5.mlmodel in Sources */,
				5ABEF6B227A525D200B1B5F9 /* EditableRectangleView.swift in Sources */,
				5AB5EB5027C542790018AB20 /* AnalyzerSetting.swift in Sources */,
				5AC2BAC927A2667300C0B88A /* RootView.swift in Sources */,
				5A8DFA9427A669DB0053636F /* YOLO.swift in Sources */,
				5AC331AF27C72537002B2BAE /* ViewModel.swift in Sources */,
				5A8DFA9227A65BC30053636F /* Yolov3.mlmodel in Sources */,
				5AB5EB4E27C53F700018AB20 /* Array+Extension.swift in Sources */,
				5AD4F0F2279B0923008BD0A0 /* SelectSourceView.swift in Sources */,
				5AA1E3CC27F0A0EB006E9D3C /* CSVHandler.swift in Sources */,
				5A6B0D1A27C474760098E47C /* YochuAnalyzer.swift in Sources */,
				5A16766627CBAFA9009A8B70 /* ImageSaver.swift in Sources */,
				5AF4F437279F00C7001041CB /* NSOpenPanel+Extension.swift in Sources */,
				5AC2BAD327A26C3300C0B88A /* NotificationName.swift in Sources */,
				5AF4F43F279F09B8001041CB /* TrimmingView.swift in Sources */,
				5ABEF6A727A4F21000B1B5F9 /* NSImage+Extension.swift in Sources */,
				5AE0B98E28082D7700442E13 /* AreaExtractor.swift in Sources */,
				5ABF6C8F27A8FAF9001B8FDE /* CIImage+Extension.swift in Sources */,
				5A62254827BDE15E00B1122F /* Hidden.swift in Sources */,
				5AF4F43B279F0222001041CB /* OpenPanelHandler.swift in Sources */,
				5A2E40412807DD4F00E7903C /* UnInteractiveLoadingView.swift in Sources */,
				5A3C635127F1D7EB00C86812 /* DateComponentsFormatter+Extension.swift in Sources */,
				5AA1E3CE27F0ABA3006E9D3C /* Date+Extension.swift in Sources */,
				5AD4F0FF279B0E47008BD0A0 /* SelectSourceViewModel.swift in Sources */,
				5AC331AB27C72121002B2BAE /* ResultViewModel.swift in Sources */,
				5AB5C75F27A7D99E0046EF1D /* ResultView.swift in Sources */,
				5ABEF6A527A4E82A00B1B5F9 /* AnalyzeSettingStore.swift in Sources */,
				5AE3EFCB27EFF6AA005C416A /* AnalyzeDataStore.swift in Sources */,
				5ABEF6A327A4E78F00B1B5F9 /* TrimmingViewModel.swift in Sources */,
				5AF4F43D279F08C1001041CB /* String+Extension.swift in Sources */,
				5AC2BACB27A2674700C0B88A /* RootViewModel.swift in Sources */,
				5AD4F0F0279B0923008BD0A0 /* YochuDetector2App.swift in Sources */,
				5A98541727A629C200A5AC40 /* CropView.swift in Sources */,
			);
			runOnlyForDeploymentPostprocessing = 0;
		};
/* End PBXSourcesBuildPhase section */

/* Begin XCBuildConfiguration section */
		5AD4F0F9279B0925008BD0A0 /* Debug */ = {
			isa = XCBuildConfiguration;
			buildSettings = {
				ALWAYS_SEARCH_USER_PATHS = NO;
				CLANG_ANALYZER_NONNULL = YES;
				CLANG_ANALYZER_NUMBER_OBJECT_CONVERSION = YES_AGGRESSIVE;
				CLANG_CXX_LANGUAGE_STANDARD = "gnu++17";
				CLANG_CXX_LIBRARY = "libc++";
				CLANG_ENABLE_MODULES = YES;
				CLANG_ENABLE_OBJC_ARC = YES;
				CLANG_ENABLE_OBJC_WEAK = YES;
				CLANG_WARN_BLOCK_CAPTURE_AUTORELEASING = YES;
				CLANG_WARN_BOOL_CONVERSION = YES;
				CLANG_WARN_COMMA = YES;
				CLANG_WARN_CONSTANT_CONVERSION = YES;
				CLANG_WARN_DEPRECATED_OBJC_IMPLEMENTATIONS = YES;
				CLANG_WARN_DIRECT_OBJC_ISA_USAGE = YES_ERROR;
				CLANG_WARN_DOCUMENTATION_COMMENTS = YES;
				CLANG_WARN_EMPTY_BODY = YES;
				CLANG_WARN_ENUM_CONVERSION = YES;
				CLANG_WARN_INFINITE_RECURSION = YES;
				CLANG_WARN_INT_CONVERSION = YES;
				CLANG_WARN_NON_LITERAL_NULL_CONVERSION = YES;
				CLANG_WARN_OBJC_IMPLICIT_RETAIN_SELF = YES;
				CLANG_WARN_OBJC_LITERAL_CONVERSION = YES;
				CLANG_WARN_OBJC_ROOT_CLASS = YES_ERROR;
				CLANG_WARN_QUOTED_INCLUDE_IN_FRAMEWORK_HEADER = YES;
				CLANG_WARN_RANGE_LOOP_ANALYSIS = YES;
				CLANG_WARN_STRICT_PROTOTYPES = YES;
				CLANG_WARN_SUSPICIOUS_MOVE = YES;
				CLANG_WARN_UNGUARDED_AVAILABILITY = YES_AGGRESSIVE;
				CLANG_WARN_UNREACHABLE_CODE = YES;
				CLANG_WARN__DUPLICATE_METHOD_MATCH = YES;
				COPY_PHASE_STRIP = NO;
				DEBUG_INFORMATION_FORMAT = dwarf;
				ENABLE_STRICT_OBJC_MSGSEND = YES;
				ENABLE_TESTABILITY = YES;
				GCC_C_LANGUAGE_STANDARD = gnu11;
				GCC_DYNAMIC_NO_PIC = NO;
				GCC_NO_COMMON_BLOCKS = YES;
				GCC_OPTIMIZATION_LEVEL = 0;
				GCC_PREPROCESSOR_DEFINITIONS = (
					"DEBUG=1",
					"$(inherited)",
				);
				GCC_WARN_64_TO_32_BIT_CONVERSION = YES;
				GCC_WARN_ABOUT_RETURN_TYPE = YES_ERROR;
				GCC_WARN_UNDECLARED_SELECTOR = YES;
				GCC_WARN_UNINITIALIZED_AUTOS = YES_AGGRESSIVE;
				GCC_WARN_UNUSED_FUNCTION = YES;
				GCC_WARN_UNUSED_VARIABLE = YES;
				MACOSX_DEPLOYMENT_TARGET = 11.3;
				MTL_ENABLE_DEBUG_INFO = INCLUDE_SOURCE;
				MTL_FAST_MATH = YES;
				ONLY_ACTIVE_ARCH = YES;
				SDKROOT = macosx;
				SWIFT_ACTIVE_COMPILATION_CONDITIONS = DEBUG;
				SWIFT_OPTIMIZATION_LEVEL = "-Onone";
			};
			name = Debug;
		};
		5AD4F0FA279B0925008BD0A0 /* Release */ = {
			isa = XCBuildConfiguration;
			buildSettings = {
				ALWAYS_SEARCH_USER_PATHS = NO;
				CLANG_ANALYZER_NONNULL = YES;
				CLANG_ANALYZER_NUMBER_OBJECT_CONVERSION = YES_AGGRESSIVE;
				CLANG_CXX_LANGUAGE_STANDARD = "gnu++17";
				CLANG_CXX_LIBRARY = "libc++";
				CLANG_ENABLE_MODULES = YES;
				CLANG_ENABLE_OBJC_ARC = YES;
				CLANG_ENABLE_OBJC_WEAK = YES;
				CLANG_WARN_BLOCK_CAPTURE_AUTORELEASING = YES;
				CLANG_WARN_BOOL_CONVERSION = YES;
				CLANG_WARN_COMMA = YES;
				CLANG_WARN_CONSTANT_CONVERSION = YES;
				CLANG_WARN_DEPRECATED_OBJC_IMPLEMENTATIONS = YES;
				CLANG_WARN_DIRECT_OBJC_ISA_USAGE = YES_ERROR;
				CLANG_WARN_DOCUMENTATION_COMMENTS = YES;
				CLANG_WARN_EMPTY_BODY = YES;
				CLANG_WARN_ENUM_CONVERSION = YES;
				CLANG_WARN_INFINITE_RECURSION = YES;
				CLANG_WARN_INT_CONVERSION = YES;
				CLANG_WARN_NON_LITERAL_NULL_CONVERSION = YES;
				CLANG_WARN_OBJC_IMPLICIT_RETAIN_SELF = YES;
				CLANG_WARN_OBJC_LITERAL_CONVERSION = YES;
				CLANG_WARN_OBJC_ROOT_CLASS = YES_ERROR;
				CLANG_WARN_QUOTED_INCLUDE_IN_FRAMEWORK_HEADER = YES;
				CLANG_WARN_RANGE_LOOP_ANALYSIS = YES;
				CLANG_WARN_STRICT_PROTOTYPES = YES;
				CLANG_WARN_SUSPICIOUS_MOVE = YES;
				CLANG_WARN_UNGUARDED_AVAILABILITY = YES_AGGRESSIVE;
				CLANG_WARN_UNREACHABLE_CODE = YES;
				CLANG_WARN__DUPLICATE_METHOD_MATCH = YES;
				COPY_PHASE_STRIP = NO;
				DEBUG_INFORMATION_FORMAT = "dwarf-with-dsym";
				ENABLE_NS_ASSERTIONS = NO;
				ENABLE_STRICT_OBJC_MSGSEND = YES;
				GCC_C_LANGUAGE_STANDARD = gnu11;
				GCC_NO_COMMON_BLOCKS = YES;
				GCC_WARN_64_TO_32_BIT_CONVERSION = YES;
				GCC_WARN_ABOUT_RETURN_TYPE = YES_ERROR;
				GCC_WARN_UNDECLARED_SELECTOR = YES;
				GCC_WARN_UNINITIALIZED_AUTOS = YES_AGGRESSIVE;
				GCC_WARN_UNUSED_FUNCTION = YES;
				GCC_WARN_UNUSED_VARIABLE = YES;
				MACOSX_DEPLOYMENT_TARGET = 11.3;
				MTL_ENABLE_DEBUG_INFO = NO;
				MTL_FAST_MATH = YES;
				SDKROOT = macosx;
				SWIFT_COMPILATION_MODE = wholemodule;
				SWIFT_OPTIMIZATION_LEVEL = "-O";
			};
			name = Release;
		};
		5AD4F0FC279B0925008BD0A0 /* Debug */ = {
			isa = XCBuildConfiguration;
			buildSettings = {
				ASSETCATALOG_COMPILER_APPICON_NAME = AppIcon;
				ASSETCATALOG_COMPILER_GLOBAL_ACCENT_COLOR_NAME = AccentColor;
				CODE_SIGN_ENTITLEMENTS = YochuDetector2/YochuDetector2.entitlements;
				CODE_SIGN_STYLE = Automatic;
				COMBINE_HIDPI_IMAGES = YES;
				CURRENT_PROJECT_VERSION = 1;
				DEVELOPMENT_ASSET_PATHS = "\"YochuDetector2/Preview Content\"";
				DEVELOPMENT_TEAM = GQNLWGH93C;
				ENABLE_HARDENED_RUNTIME = YES;
				ENABLE_PREVIEWS = YES;
				FRAMEWORK_SEARCH_PATHS = (
					"$(inherited)",
					"$(PROJECT_DIR)",
				);
				GENERATE_INFOPLIST_FILE = YES;
				INFOPLIST_KEY_NSHumanReadableCopyright = "";
				LD_RUNPATH_SEARCH_PATHS = (
					"$(inherited)",
					"@executable_path/../Frameworks",
				);
				MACOSX_DEPLOYMENT_TARGET = 11.0;
				MARKETING_VERSION = 1.0;
				PRODUCT_BUNDLE_IDENTIFIER = jp.co.emoshu.otani.etsushi.YochuDetector2;
				PRODUCT_NAME = "$(TARGET_NAME)";
				SWIFT_EMIT_LOC_STRINGS = YES;
				SWIFT_VERSION = 5.0;
			};
			name = Debug;
		};
		5AD4F0FD279B0925008BD0A0 /* Release */ = {
			isa = XCBuildConfiguration;
			buildSettings = {
				ASSETCATALOG_COMPILER_APPICON_NAME = AppIcon;
				ASSETCATALOG_COMPILER_GLOBAL_ACCENT_COLOR_NAME = AccentColor;
				CODE_SIGN_ENTITLEMENTS = YochuDetector2/YochuDetector2.entitlements;
				CODE_SIGN_STYLE = Automatic;
				COMBINE_HIDPI_IMAGES = YES;
				CURRENT_PROJECT_VERSION = 1;
				DEVELOPMENT_ASSET_PATHS = "\"YochuDetector2/Preview Content\"";
				DEVELOPMENT_TEAM = GQNLWGH93C;
				ENABLE_HARDENED_RUNTIME = YES;
				ENABLE_PREVIEWS = YES;
				FRAMEWORK_SEARCH_PATHS = (
					"$(inherited)",
					"$(PROJECT_DIR)",
				);
				GENERATE_INFOPLIST_FILE = YES;
				INFOPLIST_KEY_NSHumanReadableCopyright = "";
				LD_RUNPATH_SEARCH_PATHS = (
					"$(inherited)",
					"@executable_path/../Frameworks",
				);
				MACOSX_DEPLOYMENT_TARGET = 11.0;
				MARKETING_VERSION = 1.0;
				PRODUCT_BUNDLE_IDENTIFIER = jp.co.emoshu.otani.etsushi.YochuDetector2;
				PRODUCT_NAME = "$(TARGET_NAME)";
				SWIFT_EMIT_LOC_STRINGS = YES;
				SWIFT_VERSION = 5.0;
			};
			name = Release;
		};
/* End XCBuildConfiguration section */

/* Begin XCConfigurationList section */
		5AD4F0E7279B0923008BD0A0 /* Build configuration list for PBXProject "YochuDetector2" */ = {
			isa = XCConfigurationList;
			buildConfigurations = (
				5AD4F0F9279B0925008BD0A0 /* Debug */,
				5AD4F0FA279B0925008BD0A0 /* Release */,
			);
			defaultConfigurationIsVisible = 0;
			defaultConfigurationName = Release;
		};
		5AD4F0FB279B0925008BD0A0 /* Build configuration list for PBXNativeTarget "YochuDetector2" */ = {
			isa = XCConfigurationList;
			buildConfigurations = (
				5AD4F0FC279B0925008BD0A0 /* Debug */,
				5AD4F0FD279B0925008BD0A0 /* Release */,
			);
			defaultConfigurationIsVisible = 0;
			defaultConfigurationName = Release;
		};
/* End XCConfigurationList section */
	};
	rootObject = 5AD4F0E4279B0923008BD0A0 /* Project object */;
}
